
Microsoft Visual Studio Solution File, Format Version 12.00
# Visual Studio Version 17
VisualStudioVersion = 17.7.34221.43
MinimumVisualStudioVersion = 10.0.40219.1
Project("{FAE04EC0-301F-11D3-BF4B-00C04F79EFBC}") = "Labb3", "Labb3\Labb3.csproj", "{F63FC47E-C86F-416C-A1EC-BCB1579FC05C}"
EndProject
Global
	GlobalSection(SolutionConfigurationPlatforms) = preSolution
		Debug|Any CPU = Debug|Any CPU
		Release|Any CPU = Release|Any CPU
	EndGlobalSection
	GlobalSection(ProjectConfigurationPlatforms) = postSolution
		{F63FC47E-C86F-416C-A1EC-BCB1579FC05C}.Debug|Any CPU.ActiveCfg = Debug|Any CPU
		{F63FC47E-C86F-416C-A1EC-BCB1579FC05C}.Debug|Any CPU.Build.0 = Debug|Any CPU
		{F63FC47E-C86F-416C-A1EC-BCB1579FC05C}.Release|Any CPU.ActiveCfg = Release|Any CPU
		{F63FC47E-C86F-416C-A1EC-BCB1579FC05C}.Release|Any CPU.Build.0 = Release|Any CPU
	EndGlobalSection
	GlobalSection(SolutionProperties) = preSolution
		HideSolutionNode = FALSE
	EndGlobalSection
	GlobalSection(ExtensibilityGlobals) = postSolution
		SolutionGuid = {0679D8F4-EC2F-4E9B-AEE1-63AA47E8CB7B}
	EndGlobalSection
EndGlobal
